
Microsoft Visual Studio Solution File, Format Version 12.00
Project("{FAE04EC0-301F-11D3-BF4B-00C04F79EFBC}") = "variables-Exercise", "variables-Exercise\variables-Exercise.csproj", "{1B387A6F-5CC6-4C1F-95CE-AC87DF35C4C0}"
EndProject
Global
	GlobalSection(SolutionConfigurationPlatforms) = preSolution
		Debug|Any CPU = Debug|Any CPU
		Release|Any CPU = Release|Any CPU
	EndGlobalSection
	GlobalSection(ProjectConfigurationPlatforms) = postSolution
		{1B387A6F-5CC6-4C1F-95CE-AC87DF35C4C0}.Debug|Any CPU.ActiveCfg = Debug|Any CPU
		{1B387A6F-5CC6-4C1F-95CE-AC87DF35C4C0}.Debug|Any CPU.Build.0 = Debug|Any CPU
		{1B387A6F-5CC6-4C1F-95CE-AC87DF35C4C0}.Release|Any CPU.ActiveCfg = Release|Any CPU
		{1B387A6F-5CC6-4C1F-95CE-AC87DF35C4C0}.Release|Any CPU.Build.0 = Release|Any CPU
	EndGlobalSection
EndGlobal
